
Microsoft Visual Studio Solution File, Format Version 12.00
# Visual Studio Version 17
VisualStudioVersion = 17.4.33205.214
MinimumVisualStudioVersion = 10.0.40219.1
Project("{FAE04EC0-301F-11D3-BF4B-00C04F79EFBC}") = "Mobile.Appium.UiTest", "Mobile.Appium.UiTest\Mobile.Appium.UiTest.csproj", "{221F9CCF-FA45-440C-A8F0-1F02EBF84D58}"
EndProject
Global
	GlobalSection(SolutionConfigurationPlatforms) = preSolution
		Debug|Any CPU = Debug|Any CPU
		Release|Any CPU = Release|Any CPU
	EndGlobalSection
	GlobalSection(ProjectConfigurationPlatforms) = postSolution
		{221F9CCF-FA45-440C-A8F0-1F02EBF84D58}.Debug|Any CPU.ActiveCfg = Debug|Any CPU
		{221F9CCF-FA45-440C-A8F0-1F02EBF84D58}.Debug|Any CPU.Build.0 = Debug|Any CPU
		{221F9CCF-FA45-440C-A8F0-1F02EBF84D58}.Release|Any CPU.ActiveCfg = Release|Any CPU
		{221F9CCF-FA45-440C-A8F0-1F02EBF84D58}.Release|Any CPU.Build.0 = Release|Any CPU
	EndGlobalSection
	GlobalSection(SolutionProperties) = preSolution
		HideSolutionNode = FALSE
	EndGlobalSection
	GlobalSection(ExtensibilityGlobals) = postSolution
		SolutionGuid = {DA9A3D9D-0038-41D2-89A8-CD2037FA3356}
	EndGlobalSection
EndGlobal
